
Microsoft Visual Studio Solution File, Format Version 12.00
# Visual Studio 15
VisualStudioVersion = 15.0.26403.7
MinimumVisualStudioVersion = 10.0.40219.1
Project("{2150E333-8FDC-42A3-9474-1A3956D46DE8}") = "Solution Items", "Solution Items", "{B520C700-7D45-4D82-BFB5-218FA68CF5CF}"
	ProjectSection(SolutionItems) = preProject
		global.json = global.json
	EndProjectSection
EndProject
Project("{9A19103F-16F7-4668-BE54-9A1E7A4F7556}") = "Amazon.SQS.ExtendedClient", "Amazon.SQS.ExtendedClient\Amazon.SQS.ExtendedClient.csproj", "{87932D35-43E8-4321-BE2A-FD17C99330FA}"
EndProject
Project("{2150E333-8FDC-42A3-9474-1A3956D46DE8}") = "src", "src", "{E9D09028-5510-4983-AE91-937104ED8EAE}"
EndProject
Project("{2150E333-8FDC-42A3-9474-1A3956D46DE8}") = "tests", "tests", "{E8C4D9CA-29E0-45B7-BF54-CE26DA7F6A72}"
EndProject
Project("{9A19103F-16F7-4668-BE54-9A1E7A4F7556}") = "Amazon.SQS.ExtendedClient.Tests", "Amazon.SQS.ExtendedClient.Tests\Amazon.SQS.ExtendedClient.Tests.csproj", "{4BFFAE8B-0583-4A80-B373-77A9BDCA0799}"
EndProject
Global
	GlobalSection(SolutionConfigurationPlatforms) = preSolution
		Debug|Any CPU = Debug|Any CPU
		Release|Any CPU = Release|Any CPU
	EndGlobalSection
	GlobalSection(ProjectConfigurationPlatforms) = postSolution
		{87932D35-43E8-4321-BE2A-FD17C99330FA}.Debug|Any CPU.ActiveCfg = Debug|Any CPU
		{87932D35-43E8-4321-BE2A-FD17C99330FA}.Debug|Any CPU.Build.0 = Debug|Any CPU
		{87932D35-43E8-4321-BE2A-FD17C99330FA}.Release|Any CPU.ActiveCfg = Release|Any CPU
		{87932D35-43E8-4321-BE2A-FD17C99330FA}.Release|Any CPU.Build.0 = Release|Any CPU
		{4BFFAE8B-0583-4A80-B373-77A9BDCA0799}.Debug|Any CPU.ActiveCfg = Debug|Any CPU
		{4BFFAE8B-0583-4A80-B373-77A9BDCA0799}.Debug|Any CPU.Build.0 = Debug|Any CPU
		{4BFFAE8B-0583-4A80-B373-77A9BDCA0799}.Release|Any CPU.ActiveCfg = Release|Any CPU
		{4BFFAE8B-0583-4A80-B373-77A9BDCA0799}.Release|Any CPU.Build.0 = Release|Any CPU
	EndGlobalSection
	GlobalSection(SolutionProperties) = preSolution
		HideSolutionNode = FALSE
	EndGlobalSection
	GlobalSection(NestedProjects) = preSolution
		{87932D35-43E8-4321-BE2A-FD17C99330FA} = {E9D09028-5510-4983-AE91-937104ED8EAE}
		{4BFFAE8B-0583-4A80-B373-77A9BDCA0799} = {E8C4D9CA-29E0-45B7-BF54-CE26DA7F6A72}
	EndGlobalSection
	GlobalSection(ExtensibilityGlobals) = postSolution
		SolutionGuid = {E9550B96-8102-4171-88EB-9775E1D1520D}
	EndGlobalSection
EndGlobal
